// !$*UTF8*$!
{
	archiveVersion = 1;
	classes = {
	};
	objectVersion = 56;
	objects = {

/* Begin PBXBuildFile section */
		A95911D62C208779007CFB03 /* AnimeRepoApp.swift in Sources */ = {isa = PBXBuildFile; fileRef = A95911D52C208779007CFB03 /* AnimeRepoApp.swift */; };
		A95911D82C208779007CFB03 /* ContentView.swift in Sources */ = {isa = PBXBuildFile; fileRef = A95911D72C208779007CFB03 /* ContentView.swift */; };
		A95911DA2C20877C007CFB03 /* Assets.xcassets in Resources */ = {isa = PBXBuildFile; fileRef = A95911D92C20877C007CFB03 /* Assets.xcassets */; };
		A95911DD2C20877C007CFB03 /* Preview Assets.xcassets in Resources */ = {isa = PBXBuildFile; fileRef = A95911DC2C20877C007CFB03 /* Preview Assets.xcassets */; };
		A95911E42C210F35007CFB03 /* UserModel.swift in Sources */ = {isa = PBXBuildFile; fileRef = A95911E32C210F35007CFB03 /* UserModel.swift */; };
		A95911E72C21101E007CFB03 /* FirebaseAnalytics in Frameworks */ = {isa = PBXBuildFile; productRef = A95911E62C21101E007CFB03 /* FirebaseAnalytics */; };
		A95911E92C21101E007CFB03 /* FirebaseAuth in Frameworks */ = {isa = PBXBuildFile; productRef = A95911E82C21101E007CFB03 /* FirebaseAuth */; };
		A95911EB2C21101E007CFB03 /* FirebaseFirestore in Frameworks */ = {isa = PBXBuildFile; productRef = A95911EA2C21101E007CFB03 /* FirebaseFirestore */; };
		A95911ED2C21101E007CFB03 /* FirebaseFirestoreSwift in Frameworks */ = {isa = PBXBuildFile; productRef = A95911EC2C21101E007CFB03 /* FirebaseFirestoreSwift */; };
		A95911EF2C2110DC007CFB03 /* GoogleService-Info.plist in Resources */ = {isa = PBXBuildFile; fileRef = A95911EE2C2110DC007CFB03 /* GoogleService-Info.plist */; };
		A95911F32C2114AF007CFB03 /* AnimeViewModel.swift in Sources */ = {isa = PBXBuildFile; fileRef = A95911F22C2114AF007CFB03 /* AnimeViewModel.swift */; };
		A95911F72C211791007CFB03 /* AnimeDetailView.swift in Sources */ = {isa = PBXBuildFile; fileRef = A95911F62C211791007CFB03 /* AnimeDetailView.swift */; };
		A95911F92C211861007CFB03 /* AnimeModel.swift in Sources */ = {isa = PBXBuildFile; fileRef = A95911F82C211861007CFB03 /* AnimeModel.swift */; };
		A95911FB2C213343007CFB03 /* MainView.swift in Sources */ = {isa = PBXBuildFile; fileRef = A95911FA2C213343007CFB03 /* MainView.swift */; };
		A95911FD2C224081007CFB03 /* FinderView.swift in Sources */ = {isa = PBXBuildFile; fileRef = A95911FC2C224081007CFB03 /* FinderView.swift */; };
		A95911FF2C224BFC007CFB03 /* AuthViewModel.swift in Sources */ = {isa = PBXBuildFile; fileRef = A95911FE2C224BFB007CFB03 /* AuthViewModel.swift */; };
		A95912022C224D25007CFB03 /* SignupView.swift in Sources */ = {isa = PBXBuildFile; fileRef = A95912002C224D25007CFB03 /* SignupView.swift */; };
		A95912032C224D25007CFB03 /* LoginView.swift in Sources */ = {isa = PBXBuildFile; fileRef = A95912012C224D25007CFB03 /* LoginView.swift */; };
		A959120D2C2A14CD007CFB03 /* ListView.swift in Sources */ = {isa = PBXBuildFile; fileRef = A959120C2C2A14CD007CFB03 /* ListView.swift */; };
		A9A27DF42C2D3B9A00D9AEF1 /* LoadingScreen.swift in Sources */ = {isa = PBXBuildFile; fileRef = A9A27DF32C2D3B9A00D9AEF1 /* LoadingScreen.swift */; };
/* End PBXBuildFile section */

/* Begin PBXFileReference section */
		A95911D22C208779007CFB03 /* AnimeRepo.app */ = {isa = PBXFileReference; explicitFileType = wrapper.application; includeInIndex = 0; path = AnimeRepo.app; sourceTree = BUILT_PRODUCTS_DIR; };
		A95911D52C208779007CFB03 /* AnimeRepoApp.swift */ = {isa = PBXFileReference; lastKnownFileType = sourcecode.swift; path = AnimeRepoApp.swift; sourceTree = "<group>"; };
		A95911D72C208779007CFB03 /* ContentView.swift */ = {isa = PBXFileReference; lastKnownFileType = sourcecode.swift; path = ContentView.swift; sourceTree = "<group>"; };
		A95911D92C20877C007CFB03 /* Assets.xcassets */ = {isa = PBXFileReference; lastKnownFileType = folder.assetcatalog; path = Assets.xcassets; sourceTree = "<group>"; };
		A95911DC2C20877C007CFB03 /* Preview Assets.xcassets */ = {isa = PBXFileReference; lastKnownFileType = folder.assetcatalog; path = "Preview Assets.xcassets"; sourceTree = "<group>"; };
		A95911E32C210F35007CFB03 /* UserModel.swift */ = {isa = PBXFileReference; lastKnownFileType = sourcecode.swift; path = UserModel.swift; sourceTree = "<group>"; };
		A95911EE2C2110DC007CFB03 /* GoogleService-Info.plist */ = {isa = PBXFileReference; fileEncoding = 4; lastKnownFileType = text.plist.xml; path = "GoogleService-Info.plist"; sourceTree = "<group>"; };
		A95911F22C2114AF007CFB03 /* AnimeViewModel.swift */ = {isa = PBXFileReference; lastKnownFileType = sourcecode.swift; path = AnimeViewModel.swift; sourceTree = "<group>"; };
		A95911F62C211791007CFB03 /* AnimeDetailView.swift */ = {isa = PBXFileReference; lastKnownFileType = sourcecode.swift; path = AnimeDetailView.swift; sourceTree = "<group>"; };
		A95911F82C211861007CFB03 /* AnimeModel.swift */ = {isa = PBXFileReference; lastKnownFileType = sourcecode.swift; path = AnimeModel.swift; sourceTree = "<group>"; };
		A95911FA2C213343007CFB03 /* MainView.swift */ = {isa = PBXFileReference; lastKnownFileType = sourcecode.swift; path = MainView.swift; sourceTree = "<group>"; };
		A95911FC2C224081007CFB03 /* FinderView.swift */ = {isa = PBXFileReference; lastKnownFileType = sourcecode.swift; path = FinderView.swift; sourceTree = "<group>"; };
		A95911FE2C224BFB007CFB03 /* AuthViewModel.swift */ = {isa = PBXFileReference; lastKnownFileType = sourcecode.swift; path = AuthViewModel.swift; sourceTree = "<group>"; };
		A95912002C224D25007CFB03 /* SignupView.swift */ = {isa = PBXFileReference; fileEncoding = 4; lastKnownFileType = sourcecode.swift; path = SignupView.swift; sourceTree = "<group>"; };
		A95912012C224D25007CFB03 /* LoginView.swift */ = {isa = PBXFileReference; fileEncoding = 4; lastKnownFileType = sourcecode.swift; path = LoginView.swift; sourceTree = "<group>"; };
		A959120C2C2A14CD007CFB03 /* ListView.swift */ = {isa = PBXFileReference; lastKnownFileType = sourcecode.swift; path = ListView.swift; sourceTree = "<group>"; };
		A9A27DF32C2D3B9A00D9AEF1 /* LoadingScreen.swift */ = {isa = PBXFileReference; lastKnownFileType = sourcecode.swift; path = LoadingScreen.swift; sourceTree = "<group>"; };
/* End PBXFileReference section */

/* Begin PBXFrameworksBuildPhase section */
		A95911CF2C208779007CFB03 /* Frameworks */ = {
			isa = PBXFrameworksBuildPhase;
			buildActionMask = 2147483647;
			files = (
				A95911E72C21101E007CFB03 /* FirebaseAnalytics in Frameworks */,
				A95911E92C21101E007CFB03 /* FirebaseAuth in Frameworks */,
				A95911EB2C21101E007CFB03 /* FirebaseFirestore in Frameworks */,
				A95911ED2C21101E007CFB03 /* FirebaseFirestoreSwift in Frameworks */,
			);
			runOnlyForDeploymentPostprocessing = 0;
		};
/* End PBXFrameworksBuildPhase section */

/* Begin PBXGroup section */
		A95911C92C208779007CFB03 = {
			isa = PBXGroup;
			children = (
				A95911D42C208779007CFB03 /* AnimeRepo */,
				A95911D32C208779007CFB03 /* Products */,
			);
			sourceTree = "<group>";
		};
		A95911D32C208779007CFB03 /* Products */ = {
			isa = PBXGroup;
			children = (
				A95911D22C208779007CFB03 /* AnimeRepo.app */,
			);
			name = Products;
			sourceTree = "<group>";
		};
		A95911D42C208779007CFB03 /* AnimeRepo */ = {
			isa = PBXGroup;
			children = (
				A95911EE2C2110DC007CFB03 /* GoogleService-Info.plist */,
				A95911D52C208779007CFB03 /* AnimeRepoApp.swift */,
				A95911D72C208779007CFB03 /* ContentView.swift */,
				A95911F02C21140E007CFB03 /* Model */,
				A95911F12C21141E007CFB03 /* View */,
				A95911D92C20877C007CFB03 /* Assets.xcassets */,
				A95911DB2C20877C007CFB03 /* Preview Content */,
			);
			path = AnimeRepo;
			sourceTree = "<group>";
		};
		A95911DB2C20877C007CFB03 /* Preview Content */ = {
			isa = PBXGroup;
			children = (
				A95911DC2C20877C007CFB03 /* Preview Assets.xcassets */,
			);
			path = "Preview Content";
			sourceTree = "<group>";
		};
		A95911F02C21140E007CFB03 /* Model */ = {
			isa = PBXGroup;
			children = (
				A95911E32C210F35007CFB03 /* UserModel.swift */,
				A95911F22C2114AF007CFB03 /* AnimeViewModel.swift */,
				A95911FE2C224BFB007CFB03 /* AuthViewModel.swift */,
				A95911F82C211861007CFB03 /* AnimeModel.swift */,
			);
			path = Model;
			sourceTree = "<group>";
		};
		A95911F12C21141E007CFB03 /* View */ = {
			isa = PBXGroup;
			children = (
				A95912012C224D25007CFB03 /* LoginView.swift */,
				A95912002C224D25007CFB03 /* SignupView.swift */,
				A95911F62C211791007CFB03 /* AnimeDetailView.swift */,
				A95911FA2C213343007CFB03 /* MainView.swift */,
				A9A27DF32C2D3B9A00D9AEF1 /* LoadingScreen.swift */,
				A95911FC2C224081007CFB03 /* FinderView.swift */,
				A959120C2C2A14CD007CFB03 /* ListView.swift */,
			);
			path = View;
			sourceTree = "<group>";
		};
/* End PBXGroup section */

/* Begin PBXNativeTarget section */
		A95911D12C208779007CFB03 /* AnimeRepo */ = {
			isa = PBXNativeTarget;
			buildConfigurationList = A95911E02C20877C007CFB03 /* Build configuration list for PBXNativeTarget "AnimeRepo" */;
			buildPhases = (
				A95911CE2C208779007CFB03 /* Sources */,
				A95911CF2C208779007CFB03 /* Frameworks */,
				A95911D02C208779007CFB03 /* Resources */,
			);
			buildRules = (
			);
			dependencies = (
			);
			name = AnimeRepo;
			packageProductDependencies = (
				A95911E62C21101E007CFB03 /* FirebaseAnalytics */,
				A95911E82C21101E007CFB03 /* FirebaseAuth */,
				A95911EA2C21101E007CFB03 /* FirebaseFirestore */,
				A95911EC2C21101E007CFB03 /* FirebaseFirestoreSwift */,
			);
			productName = AnimeRepo;
			productReference = A95911D22C208779007CFB03 /* AnimeRepo.app */;
			productType = "com.apple.product-type.application";
		};
/* End PBXNativeTarget section */

/* Begin PBXProject section */
		A95911CA2C208779007CFB03 /* Project object */ = {
			isa = PBXProject;
			attributes = {
				BuildIndependentTargetsInParallel = 1;
				LastSwiftUpdateCheck = 1540;
				LastUpgradeCheck = 1540;
				TargetAttributes = {
					A95911D12C208779007CFB03 = {
						CreatedOnToolsVersion = 15.4;
					};
				};
			};
			buildConfigurationList = A95911CD2C208779007CFB03 /* Build configuration list for PBXProject "AnimeRepo" */;
			compatibilityVersion = "Xcode 14.0";
			developmentRegion = en;
			hasScannedForEncodings = 0;
			knownRegions = (
				en,
				Base,
			);
			mainGroup = A95911C92C208779007CFB03;
			packageReferences = (
				A95911E52C21101E007CFB03 /* XCRemoteSwiftPackageReference "firebase-ios-sdk" */,
			);
			productRefGroup = A95911D32C208779007CFB03 /* Products */;
			projectDirPath = "";
			projectRoot = "";
			targets = (
				A95911D12C208779007CFB03 /* AnimeRepo */,
			);
		};
/* End PBXProject section */

/* Begin PBXResourcesBuildPhase section */
		A95911D02C208779007CFB03 /* Resources */ = {
			isa = PBXResourcesBuildPhase;
			buildActionMask = 2147483647;
			files = (
				A95911DD2C20877C007CFB03 /* Preview Assets.xcassets in Resources */,
				A95911DA2C20877C007CFB03 /* Assets.xcassets in Resources */,
				A95911EF2C2110DC007CFB03 /* GoogleService-Info.plist in Resources */,
			);
			runOnlyForDeploymentPostprocessing = 0;
		};
/* End PBXResourcesBuildPhase section */

/* Begin PBXSourcesBuildPhase section */
		A95911CE2C208779007CFB03 /* Sources */ = {
			isa = PBXSourcesBuildPhase;
			buildActionMask = 2147483647;
			files = (
				A959120D2C2A14CD007CFB03 /* ListView.swift in Sources */,
				A95911D82C208779007CFB03 /* ContentView.swift in Sources */,
				A95911FB2C213343007CFB03 /* MainView.swift in Sources */,
				A95911F32C2114AF007CFB03 /* AnimeViewModel.swift in Sources */,
				A95911E42C210F35007CFB03 /* UserModel.swift in Sources */,
				A95912022C224D25007CFB03 /* SignupView.swift in Sources */,
				A9A27DF42C2D3B9A00D9AEF1 /* LoadingScreen.swift in Sources */,
				A95911D62C208779007CFB03 /* AnimeRepoApp.swift in Sources */,
				A95911F92C211861007CFB03 /* AnimeModel.swift in Sources */,
				A95911FD2C224081007CFB03 /* FinderView.swift in Sources */,
				A95912032C224D25007CFB03 /* LoginView.swift in Sources */,
				A95911F72C211791007CFB03 /* AnimeDetailView.swift in Sources */,
				A95911FF2C224BFC007CFB03 /* AuthViewModel.swift in Sources */,
			);
			runOnlyForDeploymentPostprocessing = 0;
		};
/* End PBXSourcesBuildPhase section */

/* Begin XCBuildConfiguration section */
		A95911DE2C20877C007CFB03 /* Debug */ = {
			isa = XCBuildConfiguration;
			buildSettings = {
				ALWAYS_SEARCH_USER_PATHS = NO;
				ASSETCATALOG_COMPILER_GENERATE_SWIFT_ASSET_SYMBOL_EXTENSIONS = YES;
				CLANG_ANALYZER_NONNULL = YES;
				CLANG_ANALYZER_NUMBER_OBJECT_CONVERSION = YES_AGGRESSIVE;
				CLANG_CXX_LANGUAGE_STANDARD = "gnu++20";
				CLANG_ENABLE_MODULES = YES;
				CLANG_ENABLE_OBJC_ARC = YES;
				CLANG_ENABLE_OBJC_WEAK = YES;
				CLANG_WARN_BLOCK_CAPTURE_AUTORELEASING = YES;
				CLANG_WARN_BOOL_CONVERSION = YES;
				CLANG_WARN_COMMA = YES;
				CLANG_WARN_CONSTANT_CONVERSION = YES;
				CLANG_WARN_DEPRECATED_OBJC_IMPLEMENTATIONS = YES;
				CLANG_WARN_DIRECT_OBJC_ISA_USAGE = YES_ERROR;
				CLANG_WARN_DOCUMENTATION_COMMENTS = YES;
				CLANG_WARN_EMPTY_BODY = YES;
				CLANG_WARN_ENUM_CONVERSION = YES;
				CLANG_WARN_INFINITE_RECURSION = YES;
				CLANG_WARN_INT_CONVERSION = YES;
				CLANG_WARN_NON_LITERAL_NULL_CONVERSION = YES;
				CLANG_WARN_OBJC_IMPLICIT_RETAIN_SELF = YES;
				CLANG_WARN_OBJC_LITERAL_CONVERSION = YES;
				CLANG_WARN_OBJC_ROOT_CLASS = YES_ERROR;
				CLANG_WARN_QUOTED_INCLUDE_IN_FRAMEWORK_HEADER = YES;
				CLANG_WARN_RANGE_LOOP_ANALYSIS = YES;
				CLANG_WARN_STRICT_PROTOTYPES = YES;
				CLANG_WARN_SUSPICIOUS_MOVE = YES;
				CLANG_WARN_UNGUARDED_AVAILABILITY = YES_AGGRESSIVE;
				CLANG_WARN_UNREACHABLE_CODE = YES;
				CLANG_WARN__DUPLICATE_METHOD_MATCH = YES;
				COPY_PHASE_STRIP = NO;
				DEBUG_INFORMATION_FORMAT = dwarf;
				ENABLE_STRICT_OBJC_MSGSEND = YES;
				ENABLE_TESTABILITY = YES;
				ENABLE_USER_SCRIPT_SANDBOXING = YES;
				GCC_C_LANGUAGE_STANDARD = gnu17;
				GCC_DYNAMIC_NO_PIC = NO;
				GCC_NO_COMMON_BLOCKS = YES;
				GCC_OPTIMIZATION_LEVEL = 0;
				GCC_PREPROCESSOR_DEFINITIONS = (
					"DEBUG=1",
					"$(inherited)",
				);
				GCC_WARN_64_TO_32_BIT_CONVERSION = YES;
				GCC_WARN_ABOUT_RETURN_TYPE = YES_ERROR;
				GCC_WARN_UNDECLARED_SELECTOR = YES;
				GCC_WARN_UNINITIALIZED_AUTOS = YES_AGGRESSIVE;
				GCC_WARN_UNUSED_FUNCTION = YES;
				GCC_WARN_UNUSED_VARIABLE = YES;
				IPHONEOS_DEPLOYMENT_TARGET = 17.5;
				LOCALIZATION_PREFERS_STRING_CATALOGS = YES;
				MTL_ENABLE_DEBUG_INFO = INCLUDE_SOURCE;
				MTL_FAST_MATH = YES;
				ONLY_ACTIVE_ARCH = YES;
				SDKROOT = iphoneos;
				SWIFT_ACTIVE_COMPILATION_CONDITIONS = "DEBUG $(inherited)";
				SWIFT_OPTIMIZATION_LEVEL = "-Onone";
			};
			name = Debug;
		};
		A95911DF2C20877C007CFB03 /* Release */ = {
			isa = XCBuildConfiguration;
			buildSettings = {
				ALWAYS_SEARCH_USER_PATHS = NO;
				ASSETCATALOG_COMPILER_GENERATE_SWIFT_ASSET_SYMBOL_EXTENSIONS = YES;
				CLANG_ANALYZER_NONNULL = YES;
				CLANG_ANALYZER_NUMBER_OBJECT_CONVERSION = YES_AGGRESSIVE;
				CLANG_CXX_LANGUAGE_STANDARD = "gnu++20";
				CLANG_ENABLE_MODULES = YES;
				CLANG_ENABLE_OBJC_ARC = YES;
				CLANG_ENABLE_OBJC_WEAK = YES;
				CLANG_WARN_BLOCK_CAPTURE_AUTORELEASING = YES;
				CLANG_WARN_BOOL_CONVERSION = YES;
				CLANG_WARN_COMMA = YES;
				CLANG_WARN_CONSTANT_CONVERSION = YES;
				CLANG_WARN_DEPRECATED_OBJC_IMPLEMENTATIONS = YES;
				CLANG_WARN_DIRECT_OBJC_ISA_USAGE = YES_ERROR;
				CLANG_WARN_DOCUMENTATION_COMMENTS = YES;
				CLANG_WARN_EMPTY_BODY = YES;
				CLANG_WARN_ENUM_CONVERSION = YES;
				CLANG_WARN_INFINITE_RECURSION = YES;
				CLANG_WARN_INT_CONVERSION = YES;
				CLANG_WARN_NON_LITERAL_NULL_CONVERSION = YES;
				CLANG_WARN_OBJC_IMPLICIT_RETAIN_SELF = YES;
				CLANG_WARN_OBJC_LITERAL_CONVERSION = YES;
				CLANG_WARN_OBJC_ROOT_CLASS = YES_ERROR;
				CLANG_WARN_QUOTED_INCLUDE_IN_FRAMEWORK_HEADER = YES;
				CLANG_WARN_RANGE_LOOP_ANALYSIS = YES;
				CLANG_WARN_STRICT_PROTOTYPES = YES;
				CLANG_WARN_SUSPICIOUS_MOVE = YES;
				CLANG_WARN_UNGUARDED_AVAILABILITY = YES_AGGRESSIVE;
				CLANG_WARN_UNREACHABLE_CODE = YES;
				CLANG_WARN__DUPLICATE_METHOD_MATCH = YES;
				COPY_PHASE_STRIP = NO;
				DEBUG_INFORMATION_FORMAT = "dwarf-with-dsym";
				ENABLE_NS_ASSERTIONS = NO;
				ENABLE_STRICT_OBJC_MSGSEND = YES;
				ENABLE_USER_SCRIPT_SANDBOXING = YES;
				GCC_C_LANGUAGE_STANDARD = gnu17;
				GCC_NO_COMMON_BLOCKS = YES;
				GCC_WARN_64_TO_32_BIT_CONVERSION = YES;
				GCC_WARN_ABOUT_RETURN_TYPE = YES_ERROR;
				GCC_WARN_UNDECLARED_SELECTOR = YES;
				GCC_WARN_UNINITIALIZED_AUTOS = YES_AGGRESSIVE;
				GCC_WARN_UNUSED_FUNCTION = YES;
				GCC_WARN_UNUSED_VARIABLE = YES;
				IPHONEOS_DEPLOYMENT_TARGET = 17.5;
				LOCALIZATION_PREFERS_STRING_CATALOGS = YES;
				MTL_ENABLE_DEBUG_INFO = NO;
				MTL_FAST_MATH = YES;
				SDKROOT = iphoneos;
				SWIFT_COMPILATION_MODE = wholemodule;
				VALIDATE_PRODUCT = YES;
			};
			name = Release;
		};
		A95911E12C20877C007CFB03 /* Debug */ = {
			isa = XCBuildConfiguration;
			buildSettings = {
				ASSETCATALOG_COMPILER_APPICON_NAME = AppIcon;
				ASSETCATALOG_COMPILER_GLOBAL_ACCENT_COLOR_NAME = AccentColor;
				CODE_SIGN_STYLE = Automatic;
				CURRENT_PROJECT_VERSION = 1;
				DEVELOPMENT_ASSET_PATHS = "\"AnimeRepo/Preview Content\"";
				ENABLE_PREVIEWS = YES;
				GENERATE_INFOPLIST_FILE = YES;
				INFOPLIST_KEY_UIApplicationSceneManifest_Generation = YES;
				INFOPLIST_KEY_UIApplicationSupportsIndirectInputEvents = YES;
				INFOPLIST_KEY_UILaunchScreen_Generation = YES;
				INFOPLIST_KEY_UISupportedInterfaceOrientations_iPad = "UIInterfaceOrientationPortrait UIInterfaceOrientationPortraitUpsideDown UIInterfaceOrientationLandscapeLeft UIInterfaceOrientationLandscapeRight";
				INFOPLIST_KEY_UISupportedInterfaceOrientations_iPhone = "UIInterfaceOrientationPortrait UIInterfaceOrientationLandscapeLeft UIInterfaceOrientationLandscapeRight";
				LD_RUNPATH_SEARCH_PATHS = (
					"$(inherited)",
					"@executable_path/Frameworks",
				);
				MARKETING_VERSION = 1.0;
				PRODUCT_BUNDLE_IDENTIFIER = ZarosianTech.AnimeRepo;
				PRODUCT_NAME = "$(TARGET_NAME)";
				SWIFT_EMIT_LOC_STRINGS = YES;
				SWIFT_VERSION = 5.0;
				TARGETED_DEVICE_FAMILY = "1,2";
			};
			name = Debug;
		};
		A95911E22C20877C007CFB03 /* Release */ = {
			isa = XCBuildConfiguration;
			buildSettings = {
				ASSETCATALOG_COMPILER_APPICON_NAME = AppIcon;
				ASSETCATALOG_COMPILER_GLOBAL_ACCENT_COLOR_NAME = AccentColor;
				CODE_SIGN_STYLE = Automatic;
				CURRENT_PROJECT_VERSION = 1;
				DEVELOPMENT_ASSET_PATHS = "\"AnimeRepo/Preview Content\"";
				ENABLE_PREVIEWS = YES;
				GENERATE_INFOPLIST_FILE = YES;
				INFOPLIST_KEY_UIApplicationSceneManifest_Generation = YES;
				INFOPLIST_KEY_UIApplicationSupportsIndirectInputEvents = YES;
				INFOPLIST_KEY_UILaunchScreen_Generation = YES;
				INFOPLIST_KEY_UISupportedInterfaceOrientations_iPad = "UIInterfaceOrientationPortrait UIInterfaceOrientationPortraitUpsideDown UIInterfaceOrientationLandscapeLeft UIInterfaceOrientationLandscapeRight";
				INFOPLIST_KEY_UISupportedInterfaceOrientations_iPhone = "UIInterfaceOrientationPortrait UIInterfaceOrientationLandscapeLeft UIInterfaceOrientationLandscapeRight";
				LD_RUNPATH_SEARCH_PATHS = (
					"$(inherited)",
					"@executable_path/Frameworks",
				);
				MARKETING_VERSION = 1.0;
				PRODUCT_BUNDLE_IDENTIFIER = ZarosianTech.AnimeRepo;
				PRODUCT_NAME = "$(TARGET_NAME)";
				SWIFT_EMIT_LOC_STRINGS = YES;
				SWIFT_VERSION = 5.0;
				TARGETED_DEVICE_FAMILY = "1,2";
			};
			name = Release;
		};
/* End XCBuildConfiguration section */

/* Begin XCConfigurationList section */
		A95911CD2C208779007CFB03 /* Build configuration list for PBXProject "AnimeRepo" */ = {
			isa = XCConfigurationList;
			buildConfigurations = (
				A95911DE2C20877C007CFB03 /* Debug */,
				A95911DF2C20877C007CFB03 /* Release */,
			);
			defaultConfigurationIsVisible = 0;
			defaultConfigurationName = Release;
		};
		A95911E02C20877C007CFB03 /* Build configuration list for PBXNativeTarget "AnimeRepo" */ = {
			isa = XCConfigurationList;
			buildConfigurations = (
				A95911E12C20877C007CFB03 /* Debug */,
				A95911E22C20877C007CFB03 /* Release */,
			);
			defaultConfigurationIsVisible = 0;
			defaultConfigurationName = Release;
		};
/* End XCConfigurationList section */

/* Begin XCRemoteSwiftPackageReference section */
		A95911E52C21101E007CFB03 /* XCRemoteSwiftPackageReference "firebase-ios-sdk" */ = {
			isa = XCRemoteSwiftPackageReference;
			repositoryURL = "https://github.com/firebase/firebase-ios-sdk";
			requirement = {
				kind = upToNextMajorVersion;
				minimumVersion = 10.28.0;
			};
		};
/* End XCRemoteSwiftPackageReference section */

/* Begin XCSwiftPackageProductDependency section */
		A95911E62C21101E007CFB03 /* FirebaseAnalytics */ = {
			isa = XCSwiftPackageProductDependency;
			package = A95911E52C21101E007CFB03 /* XCRemoteSwiftPackageReference "firebase-ios-sdk" */;
			productName = FirebaseAnalytics;
		};
		A95911E82C21101E007CFB03 /* FirebaseAuth */ = {
			isa = XCSwiftPackageProductDependency;
			package = A95911E52C21101E007CFB03 /* XCRemoteSwiftPackageReference "firebase-ios-sdk" */;
			productName = FirebaseAuth;
		};
		A95911EA2C21101E007CFB03 /* FirebaseFirestore */ = {
			isa = XCSwiftPackageProductDependency;
			package = A95911E52C21101E007CFB03 /* XCRemoteSwiftPackageReference "firebase-ios-sdk" */;
			productName = FirebaseFirestore;
		};
		A95911EC2C21101E007CFB03 /* FirebaseFirestoreSwift */ = {
			isa = XCSwiftPackageProductDependency;
			package = A95911E52C21101E007CFB03 /* XCRemoteSwiftPackageReference "firebase-ios-sdk" */;
			productName = FirebaseFirestoreSwift;
		};
/* End XCSwiftPackageProductDependency section */
	};
	rootObject = A95911CA2C208779007CFB03 /* Project object */;
}
